
Microsoft Visual Studio Solution File, Format Version 12.00
# Visual Studio Version 16
VisualStudioVersion = 16.0.29509.3
MinimumVisualStudioVersion = 10.0.40219.1
Project("{FAE04EC0-301F-11D3-BF4B-00C04F79EFBC}") = "CardSharp", "CardSharp\CardSharp.csproj", "{CCE2A2FB-7B07-4120-89D4-706F700BE35F}"
EndProject
Global
	GlobalSection(SolutionConfigurationPlatforms) = preSolution
		Debug|Any CPU = Debug|Any CPU
		Release|Any CPU = Release|Any CPU
	EndGlobalSection
	GlobalSection(ProjectConfigurationPlatforms) = postSolution
		{CCE2A2FB-7B07-4120-89D4-706F700BE35F}.Debug|Any CPU.ActiveCfg = Debug|Any CPU
		{CCE2A2FB-7B07-4120-89D4-706F700BE35F}.Debug|Any CPU.Build.0 = Debug|Any CPU
		{CCE2A2FB-7B07-4120-89D4-706F700BE35F}.Release|Any CPU.ActiveCfg = Release|Any CPU
		{CCE2A2FB-7B07-4120-89D4-706F700BE35F}.Release|Any CPU.Build.0 = Release|Any CPU
	EndGlobalSection
	GlobalSection(SolutionProperties) = preSolution
		HideSolutionNode = FALSE
	EndGlobalSection
	GlobalSection(ExtensibilityGlobals) = postSolution
		SolutionGuid = {1E4C041A-5F21-434B-AA17-F4D68B66BF5D}
	EndGlobalSection
EndGlobal
